// !$*UTF8*$!
{
	archiveVersion = 1;
	classes = {
	};
	objectVersion = 55;
	objects = {

/* Begin PBXBuildFile section */
		BEF1130627593C3200944AE5 /* AppDelegate.swift in Sources */ = {isa = PBXBuildFile; fileRef = BEF1130527593C3200944AE5 /* AppDelegate.swift */; };
		BEF1130827593C3200944AE5 /* SceneDelegate.swift in Sources */ = {isa = PBXBuildFile; fileRef = BEF1130727593C3200944AE5 /* SceneDelegate.swift */; };
		BEF1130A27593C3200944AE5 /* LoginViewController.swift in Sources */ = {isa = PBXBuildFile; fileRef = BEF1130927593C3200944AE5 /* LoginViewController.swift */; };
		BEF1130F27593C3600944AE5 /* Assets.xcassets in Resources */ = {isa = PBXBuildFile; fileRef = BEF1130E27593C3600944AE5 /* Assets.xcassets */; };
		BEF1131227593C3600944AE5 /* LaunchScreen.storyboard in Resources */ = {isa = PBXBuildFile; fileRef = BEF1131027593C3600944AE5 /* LaunchScreen.storyboard */; };
		BEF1131A2759B6C500944AE5 /* LoginViewModel.swift in Sources */ = {isa = PBXBuildFile; fileRef = BEF113192759B6C500944AE5 /* LoginViewModel.swift */; };
		BEF1131C2759B73B00944AE5 /* ItemViewController.swift in Sources */ = {isa = PBXBuildFile; fileRef = BEF1131B2759B73B00944AE5 /* ItemViewController.swift */; };
		BEF1131F2759BE4800944AE5 /* Chocolate.swift in Sources */ = {isa = PBXBuildFile; fileRef = BEF1131E2759BE4800944AE5 /* Chocolate.swift */; };
		BEF11322275A6E0800944AE5 /* ChocolateSelf.swift in Sources */ = {isa = PBXBuildFile; fileRef = BEF11321275A6E0800944AE5 /* ChocolateSelf.swift */; };
		BEF11324275A6E3900944AE5 /* CurrrencyFormatter.swift in Sources */ = {isa = PBXBuildFile; fileRef = BEF11323275A6E3900944AE5 /* CurrrencyFormatter.swift */; };
		BEF11326275A6FF500944AE5 /* ShoppingCart.swift in Sources */ = {isa = PBXBuildFile; fileRef = BEF11325275A6FF500944AE5 /* ShoppingCart.swift */; };
		D82C119CBC715622D78DC6ED /* Pods_demoProject.framework in Frameworks */ = {isa = PBXBuildFile; fileRef = B6B9271D143390C610C4BD9F /* Pods_demoProject.framework */; };
/* End PBXBuildFile section */

/* Begin PBXFileReference section */
		4321469D5A63762F7C0AACCA /* Pods-demoProject.debug.xcconfig */ = {isa = PBXFileReference; includeInIndex = 1; lastKnownFileType = text.xcconfig; name = "Pods-demoProject.debug.xcconfig"; path = "Target Support Files/Pods-demoProject/Pods-demoProject.debug.xcconfig"; sourceTree = "<group>"; };
		B6B9271D143390C610C4BD9F /* Pods_demoProject.framework */ = {isa = PBXFileReference; explicitFileType = wrapper.framework; includeInIndex = 0; path = Pods_demoProject.framework; sourceTree = BUILT_PRODUCTS_DIR; };
		BC860C50ED302A1AD89E5534 /* Pods-demoProject.release.xcconfig */ = {isa = PBXFileReference; includeInIndex = 1; lastKnownFileType = text.xcconfig; name = "Pods-demoProject.release.xcconfig"; path = "Target Support Files/Pods-demoProject/Pods-demoProject.release.xcconfig"; sourceTree = "<group>"; };
		BEF1130227593C3200944AE5 /* demoProject.app */ = {isa = PBXFileReference; explicitFileType = wrapper.application; includeInIndex = 0; path = demoProject.app; sourceTree = BUILT_PRODUCTS_DIR; };
		BEF1130527593C3200944AE5 /* AppDelegate.swift */ = {isa = PBXFileReference; lastKnownFileType = sourcecode.swift; path = AppDelegate.swift; sourceTree = "<group>"; };
		BEF1130727593C3200944AE5 /* SceneDelegate.swift */ = {isa = PBXFileReference; lastKnownFileType = sourcecode.swift; path = SceneDelegate.swift; sourceTree = "<group>"; };
		BEF1130927593C3200944AE5 /* LoginViewController.swift */ = {isa = PBXFileReference; lastKnownFileType = sourcecode.swift; path = LoginViewController.swift; sourceTree = "<group>"; };
		BEF1130E27593C3600944AE5 /* Assets.xcassets */ = {isa = PBXFileReference; lastKnownFileType = folder.assetcatalog; path = Assets.xcassets; sourceTree = "<group>"; };
		BEF1131127593C3600944AE5 /* Base */ = {isa = PBXFileReference; lastKnownFileType = file.storyboard; name = Base; path = Base.lproj/LaunchScreen.storyboard; sourceTree = "<group>"; };
		BEF1131327593C3600944AE5 /* Info.plist */ = {isa = PBXFileReference; lastKnownFileType = text.plist.xml; path = Info.plist; sourceTree = "<group>"; };
		BEF113192759B6C500944AE5 /* LoginViewModel.swift */ = {isa = PBXFileReference; lastKnownFileType = sourcecode.swift; path = LoginViewModel.swift; sourceTree = "<group>"; };
		BEF1131B2759B73B00944AE5 /* ItemViewController.swift */ = {isa = PBXFileReference; lastKnownFileType = sourcecode.swift; path = ItemViewController.swift; sourceTree = "<group>"; };
		BEF1131E2759BE4800944AE5 /* Chocolate.swift */ = {isa = PBXFileReference; lastKnownFileType = sourcecode.swift; path = Chocolate.swift; sourceTree = "<group>"; };
		BEF11321275A6E0800944AE5 /* ChocolateSelf.swift */ = {isa = PBXFileReference; lastKnownFileType = sourcecode.swift; path = ChocolateSelf.swift; sourceTree = "<group>"; };
		BEF11323275A6E3900944AE5 /* CurrrencyFormatter.swift */ = {isa = PBXFileReference; lastKnownFileType = sourcecode.swift; path = CurrrencyFormatter.swift; sourceTree = "<group>"; };
		BEF11325275A6FF500944AE5 /* ShoppingCart.swift */ = {isa = PBXFileReference; lastKnownFileType = sourcecode.swift; path = ShoppingCart.swift; sourceTree = "<group>"; };
/* End PBXFileReference section */

/* Begin PBXFrameworksBuildPhase section */
		BEF112FF27593C3200944AE5 /* Frameworks */ = {
			isa = PBXFrameworksBuildPhase;
			buildActionMask = 2147483647;
			files = (
				D82C119CBC715622D78DC6ED /* Pods_demoProject.framework in Frameworks */,
			);
			runOnlyForDeploymentPostprocessing = 0;
		};
/* End PBXFrameworksBuildPhase section */

/* Begin PBXGroup section */
		23910C31F43E4FCC10AEE6D5 /* Frameworks */ = {
			isa = PBXGroup;
			children = (
				B6B9271D143390C610C4BD9F /* Pods_demoProject.framework */,
			);
			name = Frameworks;
			sourceTree = "<group>";
		};
		9EE2D809848B1C162E0BFAD9 /* Pods */ = {
			isa = PBXGroup;
			children = (
				4321469D5A63762F7C0AACCA /* Pods-demoProject.debug.xcconfig */,
				BC860C50ED302A1AD89E5534 /* Pods-demoProject.release.xcconfig */,
			);
			path = Pods;
			sourceTree = "<group>";
		};
		BEF112F927593C3200944AE5 = {
			isa = PBXGroup;
			children = (
				BEF11320275A6DE400944AE5 /* View */,
				BEF1130427593C3200944AE5 /* demoProject */,
				BEF1130327593C3200944AE5 /* Products */,
				9EE2D809848B1C162E0BFAD9 /* Pods */,
				23910C31F43E4FCC10AEE6D5 /* Frameworks */,
			);
			sourceTree = "<group>";
		};
		BEF1130327593C3200944AE5 /* Products */ = {
			isa = PBXGroup;
			children = (
				BEF1130227593C3200944AE5 /* demoProject.app */,
			);
			name = Products;
			sourceTree = "<group>";
		};
		BEF1130427593C3200944AE5 /* demoProject */ = {
			isa = PBXGroup;
			children = (
				BEF1130527593C3200944AE5 /* AppDelegate.swift */,
				BEF1130727593C3200944AE5 /* SceneDelegate.swift */,
				BEF1130927593C3200944AE5 /* LoginViewController.swift */,
				BEF1130E27593C3600944AE5 /* Assets.xcassets */,
				BEF1131027593C3600944AE5 /* LaunchScreen.storyboard */,
				BEF1131327593C3600944AE5 /* Info.plist */,
				BEF113192759B6C500944AE5 /* LoginViewModel.swift */,
				BEF1131B2759B73B00944AE5 /* ItemViewController.swift */,
				BEF1131D2759BE3000944AE5 /* Models */,
			);
			path = demoProject;
			sourceTree = "<group>";
		};
		BEF1131D2759BE3000944AE5 /* Models */ = {
			isa = PBXGroup;
			children = (
				BEF1131E2759BE4800944AE5 /* Chocolate.swift */,
				BEF11323275A6E3900944AE5 /* CurrrencyFormatter.swift */,
				BEF11325275A6FF500944AE5 /* ShoppingCart.swift */,
			);
			path = Models;
			sourceTree = "<group>";
		};
		BEF11320275A6DE400944AE5 /* View */ = {
			isa = PBXGroup;
			children = (
				BEF11321275A6E0800944AE5 /* ChocolateSelf.swift */,
			);
			path = View;
			sourceTree = "<group>";
		};
/* End PBXGroup section */

/* Begin PBXNativeTarget section */
		BEF1130127593C3200944AE5 /* demoProject */ = {
			isa = PBXNativeTarget;
			buildConfigurationList = BEF1131627593C3600944AE5 /* Build configuration list for PBXNativeTarget "demoProject" */;
			buildPhases = (
				E9278E4104B882950A413002 /* [CP] Check Pods Manifest.lock */,
				BEF112FE27593C3200944AE5 /* Sources */,
				BEF112FF27593C3200944AE5 /* Frameworks */,
				BEF1130027593C3200944AE5 /* Resources */,
				94A49D8DDEEAADB09A237B82 /* [CP] Embed Pods Frameworks */,
			);
			buildRules = (
			);
			dependencies = (
			);
			name = demoProject;
			productName = demoProject;
			productReference = BEF1130227593C3200944AE5 /* demoProject.app */;
			productType = "com.apple.product-type.application";
		};
/* End PBXNativeTarget section */

/* Begin PBXProject section */
		BEF112FA27593C3200944AE5 /* Project object */ = {
			isa = PBXProject;
			attributes = {
				BuildIndependentTargetsInParallel = 1;
				LastSwiftUpdateCheck = 1310;
				LastUpgradeCheck = 1310;
				TargetAttributes = {
					BEF1130127593C3200944AE5 = {
						CreatedOnToolsVersion = 13.1;
					};
				};
			};
			buildConfigurationList = BEF112FD27593C3200944AE5 /* Build configuration list for PBXProject "demoProject" */;
			compatibilityVersion = "Xcode 13.0";
			developmentRegion = en;
			hasScannedForEncodings = 0;
			knownRegions = (
				en,
				Base,
			);
			mainGroup = BEF112F927593C3200944AE5;
			productRefGroup = BEF1130327593C3200944AE5 /* Products */;
			projectDirPath = "";
			projectRoot = "";
			targets = (
				BEF1130127593C3200944AE5 /* demoProject */,
			);
		};
/* End PBXProject section */

/* Begin PBXResourcesBuildPhase section */
		BEF1130027593C3200944AE5 /* Resources */ = {
			isa = PBXResourcesBuildPhase;
			buildActionMask = 2147483647;
			files = (
				BEF1131227593C3600944AE5 /* LaunchScreen.storyboard in Resources */,
				BEF1130F27593C3600944AE5 /* Assets.xcassets in Resources */,
			);
			runOnlyForDeploymentPostprocessing = 0;
		};
/* End PBXResourcesBuildPhase section */

/* Begin PBXShellScriptBuildPhase section */
		94A49D8DDEEAADB09A237B82 /* [CP] Embed Pods Frameworks */ = {
			isa = PBXShellScriptBuildPhase;
			buildActionMask = 2147483647;
			files = (
			);
			inputFileListPaths = (
				"${PODS_ROOT}/Target Support Files/Pods-demoProject/Pods-demoProject-frameworks-${CONFIGURATION}-input-files.xcfilelist",
			);
			name = "[CP] Embed Pods Frameworks";
			outputFileListPaths = (
				"${PODS_ROOT}/Target Support Files/Pods-demoProject/Pods-demoProject-frameworks-${CONFIGURATION}-output-files.xcfilelist",
			);
			runOnlyForDeploymentPostprocessing = 0;
			shellPath = /bin/sh;
			shellScript = "\"${PODS_ROOT}/Target Support Files/Pods-demoProject/Pods-demoProject-frameworks.sh\"\n";
			showEnvVarsInLog = 0;
		};
		E9278E4104B882950A413002 /* [CP] Check Pods Manifest.lock */ = {
			isa = PBXShellScriptBuildPhase;
			buildActionMask = 2147483647;
			files = (
			);
			inputFileListPaths = (
			);
			inputPaths = (
				"${PODS_PODFILE_DIR_PATH}/Podfile.lock",
				"${PODS_ROOT}/Manifest.lock",
			);
			name = "[CP] Check Pods Manifest.lock";
			outputFileListPaths = (
			);
			outputPaths = (
				"$(DERIVED_FILE_DIR)/Pods-demoProject-checkManifestLockResult.txt",
			);
			runOnlyForDeploymentPostprocessing = 0;
			shellPath = /bin/sh;
			shellScript = "diff \"${PODS_PODFILE_DIR_PATH}/Podfile.lock\" \"${PODS_ROOT}/Manifest.lock\" > /dev/null\nif [ $? != 0 ] ; then\n    # print error to STDERR\n    echo \"error: The sandbox is not in sync with the Podfile.lock. Run 'pod install' or update your CocoaPods installation.\" >&2\n    exit 1\nfi\n# This output is used by Xcode 'outputs' to avoid re-running this script phase.\necho \"SUCCESS\" > \"${SCRIPT_OUTPUT_FILE_0}\"\n";
			showEnvVarsInLog = 0;
		};
/* End PBXShellScriptBuildPhase section */

/* Begin PBXSourcesBuildPhase section */
		BEF112FE27593C3200944AE5 /* Sources */ = {
			isa = PBXSourcesBuildPhase;
			buildActionMask = 2147483647;
			files = (
				BEF1131A2759B6C500944AE5 /* LoginViewModel.swift in Sources */,
				BEF1130A27593C3200944AE5 /* LoginViewController.swift in Sources */,
				BEF1131F2759BE4800944AE5 /* Chocolate.swift in Sources */,
				BEF1131C2759B73B00944AE5 /* ItemViewController.swift in Sources */,
				BEF11324275A6E3900944AE5 /* CurrrencyFormatter.swift in Sources */,
				BEF1130627593C3200944AE5 /* AppDelegate.swift in Sources */,
				BEF1130827593C3200944AE5 /* SceneDelegate.swift in Sources */,
				BEF11326275A6FF500944AE5 /* ShoppingCart.swift in Sources */,
				BEF11322275A6E0800944AE5 /* ChocolateSelf.swift in Sources */,
			);
			runOnlyForDeploymentPostprocessing = 0;
		};
/* End PBXSourcesBuildPhase section */

/* Begin PBXVariantGroup section */
		BEF1131027593C3600944AE5 /* LaunchScreen.storyboard */ = {
			isa = PBXVariantGroup;
			children = (
				BEF1131127593C3600944AE5 /* Base */,
			);
			name = LaunchScreen.storyboard;
			sourceTree = "<group>";
		};
/* End PBXVariantGroup section */

/* Begin XCBuildConfiguration section */
		BEF1131427593C3600944AE5 /* Debug */ = {
			isa = XCBuildConfiguration;
			buildSettings = {
				ALWAYS_SEARCH_USER_PATHS = NO;
				CLANG_ANALYZER_NONNULL = YES;
				CLANG_ANALYZER_NUMBER_OBJECT_CONVERSION = YES_AGGRESSIVE;
				CLANG_CXX_LANGUAGE_STANDARD = "gnu++17";
				CLANG_CXX_LIBRARY = "libc++";
				CLANG_ENABLE_MODULES = YES;
				CLANG_ENABLE_OBJC_ARC = YES;
				CLANG_ENABLE_OBJC_WEAK = YES;
				CLANG_WARN_BLOCK_CAPTURE_AUTORELEASING = YES;
				CLANG_WARN_BOOL_CONVERSION = YES;
				CLANG_WARN_COMMA = YES;
				CLANG_WARN_CONSTANT_CONVERSION = YES;
				CLANG_WARN_DEPRECATED_OBJC_IMPLEMENTATIONS = YES;
				CLANG_WARN_DIRECT_OBJC_ISA_USAGE = YES_ERROR;
				CLANG_WARN_DOCUMENTATION_COMMENTS = YES;
				CLANG_WARN_EMPTY_BODY = YES;
				CLANG_WARN_ENUM_CONVERSION = YES;
				CLANG_WARN_INFINITE_RECURSION = YES;
				CLANG_WARN_INT_CONVERSION = YES;
				CLANG_WARN_NON_LITERAL_NULL_CONVERSION = YES;
				CLANG_WARN_OBJC_IMPLICIT_RETAIN_SELF = YES;
				CLANG_WARN_OBJC_LITERAL_CONVERSION = YES;
				CLANG_WARN_OBJC_ROOT_CLASS = YES_ERROR;
				CLANG_WARN_QUOTED_INCLUDE_IN_FRAMEWORK_HEADER = YES;
				CLANG_WARN_RANGE_LOOP_ANALYSIS = YES;
				CLANG_WARN_STRICT_PROTOTYPES = YES;
				CLANG_WARN_SUSPICIOUS_MOVE = YES;
				CLANG_WARN_UNGUARDED_AVAILABILITY = YES_AGGRESSIVE;
				CLANG_WARN_UNREACHABLE_CODE = YES;
				CLANG_WARN__DUPLICATE_METHOD_MATCH = YES;
				COPY_PHASE_STRIP = NO;
				DEBUG_INFORMATION_FORMAT = dwarf;
				ENABLE_STRICT_OBJC_MSGSEND = YES;
				ENABLE_TESTABILITY = YES;
				GCC_C_LANGUAGE_STANDARD = gnu11;
				GCC_DYNAMIC_NO_PIC = NO;
				GCC_NO_COMMON_BLOCKS = YES;
				GCC_OPTIMIZATION_LEVEL = 0;
				GCC_PREPROCESSOR_DEFINITIONS = (
					"DEBUG=1",
					"$(inherited)",
				);
				GCC_WARN_64_TO_32_BIT_CONVERSION = YES;
				GCC_WARN_ABOUT_RETURN_TYPE = YES_ERROR;
				GCC_WARN_UNDECLARED_SELECTOR = YES;
				GCC_WARN_UNINITIALIZED_AUTOS = YES_AGGRESSIVE;
				GCC_WARN_UNUSED_FUNCTION = YES;
				GCC_WARN_UNUSED_VARIABLE = YES;
				IPHONEOS_DEPLOYMENT_TARGET = 15.0;
				MTL_ENABLE_DEBUG_INFO = INCLUDE_SOURCE;
				MTL_FAST_MATH = YES;
				ONLY_ACTIVE_ARCH = YES;
				SDKROOT = iphoneos;
				SWIFT_ACTIVE_COMPILATION_CONDITIONS = DEBUG;
				SWIFT_OPTIMIZATION_LEVEL = "-Onone";
			};
			name = Debug;
		};
		BEF1131527593C3600944AE5 /* Release */ = {
			isa = XCBuildConfiguration;
			buildSettings = {
				ALWAYS_SEARCH_USER_PATHS = NO;
				CLANG_ANALYZER_NONNULL = YES;
				CLANG_ANALYZER_NUMBER_OBJECT_CONVERSION = YES_AGGRESSIVE;
				CLANG_CXX_LANGUAGE_STANDARD = "gnu++17";
				CLANG_CXX_LIBRARY = "libc++";
				CLANG_ENABLE_MODULES = YES;
				CLANG_ENABLE_OBJC_ARC = YES;
				CLANG_ENABLE_OBJC_WEAK = YES;
				CLANG_WARN_BLOCK_CAPTURE_AUTORELEASING = YES;
				CLANG_WARN_BOOL_CONVERSION = YES;
				CLANG_WARN_COMMA = YES;
				CLANG_WARN_CONSTANT_CONVERSION = YES;
				CLANG_WARN_DEPRECATED_OBJC_IMPLEMENTATIONS = YES;
				CLANG_WARN_DIRECT_OBJC_ISA_USAGE = YES_ERROR;
				CLANG_WARN_DOCUMENTATION_COMMENTS = YES;
				CLANG_WARN_EMPTY_BODY = YES;
				CLANG_WARN_ENUM_CONVERSION = YES;
				CLANG_WARN_INFINITE_RECURSION = YES;
				CLANG_WARN_INT_CONVERSION = YES;
				CLANG_WARN_NON_LITERAL_NULL_CONVERSION = YES;
				CLANG_WARN_OBJC_IMPLICIT_RETAIN_SELF = YES;
				CLANG_WARN_OBJC_LITERAL_CONVERSION = YES;
				CLANG_WARN_OBJC_ROOT_CLASS = YES_ERROR;
				CLANG_WARN_QUOTED_INCLUDE_IN_FRAMEWORK_HEADER = YES;
				CLANG_WARN_RANGE_LOOP_ANALYSIS = YES;
				CLANG_WARN_STRICT_PROTOTYPES = YES;
				CLANG_WARN_SUSPICIOUS_MOVE = YES;
				CLANG_WARN_UNGUARDED_AVAILABILITY = YES_AGGRESSIVE;
				CLANG_WARN_UNREACHABLE_CODE = YES;
				CLANG_WARN__DUPLICATE_METHOD_MATCH = YES;
				COPY_PHASE_STRIP = NO;
				DEBUG_INFORMATION_FORMAT = "dwarf-with-dsym";
				ENABLE_NS_ASSERTIONS = NO;
				ENABLE_STRICT_OBJC_MSGSEND = YES;
				GCC_C_LANGUAGE_STANDARD = gnu11;
				GCC_NO_COMMON_BLOCKS = YES;
				GCC_WARN_64_TO_32_BIT_CONVERSION = YES;
				GCC_WARN_ABOUT_RETURN_TYPE = YES_ERROR;
				GCC_WARN_UNDECLARED_SELECTOR = YES;
				GCC_WARN_UNINITIALIZED_AUTOS = YES_AGGRESSIVE;
				GCC_WARN_UNUSED_FUNCTION = YES;
				GCC_WARN_UNUSED_VARIABLE = YES;
				IPHONEOS_DEPLOYMENT_TARGET = 15.0;
				MTL_ENABLE_DEBUG_INFO = NO;
				MTL_FAST_MATH = YES;
				SDKROOT = iphoneos;
				SWIFT_COMPILATION_MODE = wholemodule;
				SWIFT_OPTIMIZATION_LEVEL = "-O";
				VALIDATE_PRODUCT = YES;
			};
			name = Release;
		};
		BEF1131727593C3600944AE5 /* Debug */ = {
			isa = XCBuildConfiguration;
			baseConfigurationReference = 4321469D5A63762F7C0AACCA /* Pods-demoProject.debug.xcconfig */;
			buildSettings = {
				ASSETCATALOG_COMPILER_APPICON_NAME = AppIcon;
				ASSETCATALOG_COMPILER_GLOBAL_ACCENT_COLOR_NAME = AccentColor;
				CODE_SIGN_STYLE = Automatic;
				CURRENT_PROJECT_VERSION = 1;
				DEVELOPMENT_TEAM = U8QW34F5ZR;
				GENERATE_INFOPLIST_FILE = YES;
				INFOPLIST_FILE = demoProject/Info.plist;
				INFOPLIST_KEY_UIApplicationSupportsIndirectInputEvents = YES;
				INFOPLIST_KEY_UILaunchStoryboardName = LaunchScreen;
				INFOPLIST_KEY_UISupportedInterfaceOrientations_iPad = "UIInterfaceOrientationPortrait UIInterfaceOrientationPortraitUpsideDown UIInterfaceOrientationLandscapeLeft UIInterfaceOrientationLandscapeRight";
				INFOPLIST_KEY_UISupportedInterfaceOrientations_iPhone = "UIInterfaceOrientationPortrait UIInterfaceOrientationLandscapeLeft UIInterfaceOrientationLandscapeRight";
				LD_RUNPATH_SEARCH_PATHS = (
					"$(inherited)",
					"@executable_path/Frameworks",
				);
				MARKETING_VERSION = 1.0;
				PRODUCT_BUNDLE_IDENTIFIER = com.sepehrafla.demoProject;
				PRODUCT_NAME = "$(TARGET_NAME)";
				SWIFT_EMIT_LOC_STRINGS = YES;
				SWIFT_VERSION = 5.0;
				TARGETED_DEVICE_FAMILY = "1,2";
			};
			name = Debug;
		};
		BEF1131827593C3600944AE5 /* Release */ = {
			isa = XCBuildConfiguration;
			baseConfigurationReference = BC860C50ED302A1AD89E5534 /* Pods-demoProject.release.xcconfig */;
			buildSettings = {
				ASSETCATALOG_COMPILER_APPICON_NAME = AppIcon;
				ASSETCATALOG_COMPILER_GLOBAL_ACCENT_COLOR_NAME = AccentColor;
				CODE_SIGN_STYLE = Automatic;
				CURRENT_PROJECT_VERSION = 1;
				DEVELOPMENT_TEAM = U8QW34F5ZR;
				GENERATE_INFOPLIST_FILE = YES;
				INFOPLIST_FILE = demoProject/Info.plist;
				INFOPLIST_KEY_UIApplicationSupportsIndirectInputEvents = YES;
				INFOPLIST_KEY_UILaunchStoryboardName = LaunchScreen;
				INFOPLIST_KEY_UISupportedInterfaceOrientations_iPad = "UIInterfaceOrientationPortrait UIInterfaceOrientationPortraitUpsideDown UIInterfaceOrientationLandscapeLeft UIInterfaceOrientationLandscapeRight";
				INFOPLIST_KEY_UISupportedInterfaceOrientations_iPhone = "UIInterfaceOrientationPortrait UIInterfaceOrientationLandscapeLeft UIInterfaceOrientationLandscapeRight";
				LD_RUNPATH_SEARCH_PATHS = (
					"$(inherited)",
					"@executable_path/Frameworks",
				);
				MARKETING_VERSION = 1.0;
				PRODUCT_BUNDLE_IDENTIFIER = com.sepehrafla.demoProject;
				PRODUCT_NAME = "$(TARGET_NAME)";
				SWIFT_EMIT_LOC_STRINGS = YES;
				SWIFT_VERSION = 5.0;
				TARGETED_DEVICE_FAMILY = "1,2";
			};
			name = Release;
		};
/* End XCBuildConfiguration section */

/* Begin XCConfigurationList section */
		BEF112FD27593C3200944AE5 /* Build configuration list for PBXProject "demoProject" */ = {
			isa = XCConfigurationList;
			buildConfigurations = (
				BEF1131427593C3600944AE5 /* Debug */,
				BEF1131527593C3600944AE5 /* Release */,
			);
			defaultConfigurationIsVisible = 0;
			defaultConfigurationName = Release;
		};
		BEF1131627593C3600944AE5 /* Build configuration list for PBXNativeTarget "demoProject" */ = {
			isa = XCConfigurationList;
			buildConfigurations = (
				BEF1131727593C3600944AE5 /* Debug */,
				BEF1131827593C3600944AE5 /* Release */,
			);
			defaultConfigurationIsVisible = 0;
			defaultConfigurationName = Release;
		};
/* End XCConfigurationList section */
	};
	rootObject = BEF112FA27593C3200944AE5 /* Project object */;
}
